
Microsoft Visual Studio Solution File, Format Version 12.00
# Visual Studio Version 16
VisualStudioVersion = 16.0.32413.511
MinimumVisualStudioVersion = 10.0.40219.1
Project("{FAE04EC0-301F-11D3-BF4B-00C04F79EFBC}") = "Practicum_10", "Practicum_10\Practicum_10.csproj", "{AABAD13D-AA42-4F2A-9BD6-928293D3A387}"
EndProject
Global
	GlobalSection(SolutionConfigurationPlatforms) = preSolution
		Debug|Any CPU = Debug|Any CPU
		Release|Any CPU = Release|Any CPU
	EndGlobalSection
	GlobalSection(ProjectConfigurationPlatforms) = postSolution
		{AABAD13D-AA42-4F2A-9BD6-928293D3A387}.Debug|Any CPU.ActiveCfg = Debug|Any CPU
		{AABAD13D-AA42-4F2A-9BD6-928293D3A387}.Debug|Any CPU.Build.0 = Debug|Any CPU
		{AABAD13D-AA42-4F2A-9BD6-928293D3A387}.Release|Any CPU.ActiveCfg = Release|Any CPU
		{AABAD13D-AA42-4F2A-9BD6-928293D3A387}.Release|Any CPU.Build.0 = Release|Any CPU
	EndGlobalSection
	GlobalSection(SolutionProperties) = preSolution
		HideSolutionNode = FALSE
	EndGlobalSection
	GlobalSection(ExtensibilityGlobals) = postSolution
		SolutionGuid = {127D2083-3583-4191-BE62-9758F0558FE8}
	EndGlobalSection
EndGlobal
